
Microsoft Visual Studio Solution File, Format Version 12.00
# Visual Studio 15
VisualStudioVersion = 15.0.28010.2046
MinimumVisualStudioVersion = 10.0.40219.1
Project("{FAE04EC0-301F-11D3-BF4B-00C04F79EFBC}") = "CustomLdapStore", "CustomLdapStore\CustomLdapStore.csproj", "{FE4BF0CF-89AF-44A7-93FF-C3FD65178971}"
EndProject
Project("{FAE04EC0-301F-11D3-BF4B-00C04F79EFBC}") = "TestLdapStore", "TestLdapStore\TestLdapStore.csproj", "{CAFFFA36-6938-485F-84E2-5A156ECBBD95}"
EndProject
Global
	GlobalSection(SolutionConfigurationPlatforms) = preSolution
		Debug|Any CPU = Debug|Any CPU
		Release|Any CPU = Release|Any CPU
	EndGlobalSection
	GlobalSection(ProjectConfigurationPlatforms) = postSolution
		{FE4BF0CF-89AF-44A7-93FF-C3FD65178971}.Debug|Any CPU.ActiveCfg = Debug|Any CPU
		{FE4BF0CF-89AF-44A7-93FF-C3FD65178971}.Debug|Any CPU.Build.0 = Debug|Any CPU
		{FE4BF0CF-89AF-44A7-93FF-C3FD65178971}.Release|Any CPU.ActiveCfg = Release|Any CPU
		{FE4BF0CF-89AF-44A7-93FF-C3FD65178971}.Release|Any CPU.Build.0 = Release|Any CPU
		{CAFFFA36-6938-485F-84E2-5A156ECBBD95}.Debug|Any CPU.ActiveCfg = Debug|Any CPU
		{CAFFFA36-6938-485F-84E2-5A156ECBBD95}.Debug|Any CPU.Build.0 = Debug|Any CPU
		{CAFFFA36-6938-485F-84E2-5A156ECBBD95}.Release|Any CPU.ActiveCfg = Release|Any CPU
		{CAFFFA36-6938-485F-84E2-5A156ECBBD95}.Release|Any CPU.Build.0 = Release|Any CPU
	EndGlobalSection
	GlobalSection(SolutionProperties) = preSolution
		HideSolutionNode = FALSE
	EndGlobalSection
	GlobalSection(ExtensibilityGlobals) = postSolution
		SolutionGuid = {EC6A1B8D-5A73-4D43-98E1-15CE37E476D6}
	EndGlobalSection
EndGlobal
